// !$*UTF8*$!
{
	archiveVersion = 1;
	classes = {
	};
	objectVersion = 50;
	objects = {

/* Begin PBXBuildFile section */
		B3884D3D20AEB7FA00F2CA20 /* AppDelegate.m in Sources */ = {isa = PBXBuildFile; fileRef = B3884D3C20AEB7FA00F2CA20 /* AppDelegate.m */; };
		B3884D4020AEB7FA00F2CA20 /* ViewController.m in Sources */ = {isa = PBXBuildFile; fileRef = B3884D3F20AEB7FA00F2CA20 /* ViewController.m */; };
		B3884D4320AEB7FA00F2CA20 /* Main.storyboard in Resources */ = {isa = PBXBuildFile; fileRef = B3884D4120AEB7FA00F2CA20 /* Main.storyboard */; };
		B3884D4520AEB7FC00F2CA20 /* Assets.xcassets in Resources */ = {isa = PBXBuildFile; fileRef = B3884D4420AEB7FC00F2CA20 /* Assets.xcassets */; };
		B3884D4820AEB7FC00F2CA20 /* LaunchScreen.storyboard in Resources */ = {isa = PBXBuildFile; fileRef = B3884D4620AEB7FC00F2CA20 /* LaunchScreen.storyboard */; };
		B3884D4B20AEB7FC00F2CA20 /* main.m in Sources */ = {isa = PBXBuildFile; fileRef = B3884D4A20AEB7FC00F2CA20 /* main.m */; };
		B3884D5520AEB7FC00F2CA20 /* MBImageCompressTests.m in Sources */ = {isa = PBXBuildFile; fileRef = B3884D5420AEB7FC00F2CA20 /* MBImageCompressTests.m */; };
		B3884D6020AEB7FC00F2CA20 /* MBImageCompressUITests.m in Sources */ = {isa = PBXBuildFile; fileRef = B3884D5F20AEB7FC00F2CA20 /* MBImageCompressUITests.m */; };
		B3884D6F20AEB81A00F2CA20 /* MBImageCompress.m in Sources */ = {isa = PBXBuildFile; fileRef = B3884D6E20AEB81A00F2CA20 /* MBImageCompress.m */; };
		B3884D7220AEB83E00F2CA20 /* UIImage+MBCompress.m in Sources */ = {isa = PBXBuildFile; fileRef = B3884D7120AEB83E00F2CA20 /* UIImage+MBCompress.m */; };
		B3884D7520AEBDDF00F2CA20 /* MBImageCompress.swift in Sources */ = {isa = PBXBuildFile; fileRef = B3884D7420AEBDDF00F2CA20 /* MBImageCompress.swift */; };
/* End PBXBuildFile section */

/* Begin PBXContainerItemProxy section */
		B3884D5120AEB7FC00F2CA20 /* PBXContainerItemProxy */ = {
			isa = PBXContainerItemProxy;
			containerPortal = B3884D3020AEB7FA00F2CA20 /* Project object */;
			proxyType = 1;
			remoteGlobalIDString = B3884D3720AEB7FA00F2CA20;
			remoteInfo = MBImageCompress;
		};
		B3884D5C20AEB7FC00F2CA20 /* PBXContainerItemProxy */ = {
			isa = PBXContainerItemProxy;
			containerPortal = B3884D3020AEB7FA00F2CA20 /* Project object */;
			proxyType = 1;
			remoteGlobalIDString = B3884D3720AEB7FA00F2CA20;
			remoteInfo = MBImageCompress;
		};
/* End PBXContainerItemProxy section */

/* Begin PBXFileReference section */
		B3884D3820AEB7FA00F2CA20 /* MBImageCompress.app */ = {isa = PBXFileReference; explicitFileType = wrapper.application; includeInIndex = 0; path = MBImageCompress.app; sourceTree = BUILT_PRODUCTS_DIR; };
		B3884D3B20AEB7FA00F2CA20 /* AppDelegate.h */ = {isa = PBXFileReference; lastKnownFileType = sourcecode.c.h; path = AppDelegate.h; sourceTree = "<group>"; };
		B3884D3C20AEB7FA00F2CA20 /* AppDelegate.m */ = {isa = PBXFileReference; lastKnownFileType = sourcecode.c.objc; path = AppDelegate.m; sourceTree = "<group>"; };
		B3884D3E20AEB7FA00F2CA20 /* ViewController.h */ = {isa = PBXFileReference; lastKnownFileType = sourcecode.c.h; path = ViewController.h; sourceTree = "<group>"; };
		B3884D3F20AEB7FA00F2CA20 /* ViewController.m */ = {isa = PBXFileReference; lastKnownFileType = sourcecode.c.objc; path = ViewController.m; sourceTree = "<group>"; };
		B3884D4220AEB7FA00F2CA20 /* Base */ = {isa = PBXFileReference; lastKnownFileType = file.storyboard; name = Base; path = Base.lproj/Main.storyboard; sourceTree = "<group>"; };
		B3884D4420AEB7FC00F2CA20 /* Assets.xcassets */ = {isa = PBXFileReference; lastKnownFileType = folder.assetcatalog; path = Assets.xcassets; sourceTree = "<group>"; };
		B3884D4720AEB7FC00F2CA20 /* Base */ = {isa = PBXFileReference; lastKnownFileType = file.storyboard; name = Base; path = Base.lproj/LaunchScreen.storyboard; sourceTree = "<group>"; };
		B3884D4920AEB7FC00F2CA20 /* Info.plist */ = {isa = PBXFileReference; lastKnownFileType = text.plist.xml; path = Info.plist; sourceTree = "<group>"; };
		B3884D4A20AEB7FC00F2CA20 /* main.m */ = {isa = PBXFileReference; lastKnownFileType = sourcecode.c.objc; path = main.m; sourceTree = "<group>"; };
		B3884D5020AEB7FC00F2CA20 /* MBImageCompressTests.xctest */ = {isa = PBXFileReference; explicitFileType = wrapper.cfbundle; includeInIndex = 0; path = MBImageCompressTests.xctest; sourceTree = BUILT_PRODUCTS_DIR; };
		B3884D5420AEB7FC00F2CA20 /* MBImageCompressTests.m */ = {isa = PBXFileReference; lastKnownFileType = sourcecode.c.objc; path = MBImageCompressTests.m; sourceTree = "<group>"; };
		B3884D5620AEB7FC00F2CA20 /* Info.plist */ = {isa = PBXFileReference; lastKnownFileType = text.plist.xml; path = Info.plist; sourceTree = "<group>"; };
		B3884D5B20AEB7FC00F2CA20 /* MBImageCompressUITests.xctest */ = {isa = PBXFileReference; explicitFileType = wrapper.cfbundle; includeInIndex = 0; path = MBImageCompressUITests.xctest; sourceTree = BUILT_PRODUCTS_DIR; };
		B3884D5F20AEB7FC00F2CA20 /* MBImageCompressUITests.m */ = {isa = PBXFileReference; lastKnownFileType = sourcecode.c.objc; path = MBImageCompressUITests.m; sourceTree = "<group>"; };
		B3884D6120AEB7FC00F2CA20 /* Info.plist */ = {isa = PBXFileReference; lastKnownFileType = text.plist.xml; path = Info.plist; sourceTree = "<group>"; };
		B3884D6D20AEB81A00F2CA20 /* MBImageCompress.h */ = {isa = PBXFileReference; lastKnownFileType = sourcecode.c.h; path = MBImageCompress.h; sourceTree = "<group>"; };
		B3884D6E20AEB81A00F2CA20 /* MBImageCompress.m */ = {isa = PBXFileReference; lastKnownFileType = sourcecode.c.objc; path = MBImageCompress.m; sourceTree = "<group>"; };
		B3884D7020AEB83E00F2CA20 /* UIImage+MBCompress.h */ = {isa = PBXFileReference; lastKnownFileType = sourcecode.c.h; path = "UIImage+MBCompress.h"; sourceTree = "<group>"; };
		B3884D7120AEB83E00F2CA20 /* UIImage+MBCompress.m */ = {isa = PBXFileReference; lastKnownFileType = sourcecode.c.objc; path = "UIImage+MBCompress.m"; sourceTree = "<group>"; };
		B3884D7320AEBDDE00F2CA20 /* MBImageCompress-Bridging-Header.h */ = {isa = PBXFileReference; lastKnownFileType = sourcecode.c.h; path = "MBImageCompress-Bridging-Header.h"; sourceTree = "<group>"; };
		B3884D7420AEBDDF00F2CA20 /* MBImageCompress.swift */ = {isa = PBXFileReference; lastKnownFileType = sourcecode.swift; path = MBImageCompress.swift; sourceTree = "<group>"; };
/* End PBXFileReference section */

/* Begin PBXFrameworksBuildPhase section */
		B3884D3520AEB7FA00F2CA20 /* Frameworks */ = {
			isa = PBXFrameworksBuildPhase;
			buildActionMask = 2147483647;
			files = (
			);
			runOnlyForDeploymentPostprocessing = 0;
		};
		B3884D4D20AEB7FC00F2CA20 /* Frameworks */ = {
			isa = PBXFrameworksBuildPhase;
			buildActionMask = 2147483647;
			files = (
			);
			runOnlyForDeploymentPostprocessing = 0;
		};
		B3884D5820AEB7FC00F2CA20 /* Frameworks */ = {
			isa = PBXFrameworksBuildPhase;
			buildActionMask = 2147483647;
			files = (
			);
			runOnlyForDeploymentPostprocessing = 0;
		};
/* End PBXFrameworksBuildPhase section */

/* Begin PBXGroup section */
		B3884D2F20AEB7FA00F2CA20 = {
			isa = PBXGroup;
			children = (
				B3884D3A20AEB7FA00F2CA20 /* MBImageCompress */,
				B3884D5320AEB7FC00F2CA20 /* MBImageCompressTests */,
				B3884D5E20AEB7FC00F2CA20 /* MBImageCompressUITests */,
				B3884D3920AEB7FA00F2CA20 /* Products */,
			);
			sourceTree = "<group>";
		};
		B3884D3920AEB7FA00F2CA20 /* Products */ = {
			isa = PBXGroup;
			children = (
				B3884D3820AEB7FA00F2CA20 /* MBImageCompress.app */,
				B3884D5020AEB7FC00F2CA20 /* MBImageCompressTests.xctest */,
				B3884D5B20AEB7FC00F2CA20 /* MBImageCompressUITests.xctest */,
			);
			name = Products;
			sourceTree = "<group>";
		};
		B3884D3A20AEB7FA00F2CA20 /* MBImageCompress */ = {
			isa = PBXGroup;
			children = (
				B3884D3B20AEB7FA00F2CA20 /* AppDelegate.h */,
				B3884D3C20AEB7FA00F2CA20 /* AppDelegate.m */,
				B3884D3E20AEB7FA00F2CA20 /* ViewController.h */,
				B3884D3F20AEB7FA00F2CA20 /* ViewController.m */,
				B3884D6D20AEB81A00F2CA20 /* MBImageCompress.h */,
				B3884D6E20AEB81A00F2CA20 /* MBImageCompress.m */,
				B3884D7020AEB83E00F2CA20 /* UIImage+MBCompress.h */,
				B3884D7120AEB83E00F2CA20 /* UIImage+MBCompress.m */,
				B3884D7420AEBDDF00F2CA20 /* MBImageCompress.swift */,
				B3884D4120AEB7FA00F2CA20 /* Main.storyboard */,
				B3884D4420AEB7FC00F2CA20 /* Assets.xcassets */,
				B3884D4620AEB7FC00F2CA20 /* LaunchScreen.storyboard */,
				B3884D4920AEB7FC00F2CA20 /* Info.plist */,
				B3884D4A20AEB7FC00F2CA20 /* main.m */,
				B3884D7320AEBDDE00F2CA20 /* MBImageCompress-Bridging-Header.h */,
			);
			path = MBImageCompress;
			sourceTree = "<group>";
		};
		B3884D5320AEB7FC00F2CA20 /* MBImageCompressTests */ = {
			isa = PBXGroup;
			children = (
				B3884D5420AEB7FC00F2CA20 /* MBImageCompressTests.m */,
				B3884D5620AEB7FC00F2CA20 /* Info.plist */,
			);
			path = MBImageCompressTests;
			sourceTree = "<group>";
		};
		B3884D5E20AEB7FC00F2CA20 /* MBImageCompressUITests */ = {
			isa = PBXGroup;
			children = (
				B3884D5F20AEB7FC00F2CA20 /* MBImageCompressUITests.m */,
				B3884D6120AEB7FC00F2CA20 /* Info.plist */,
			);
			path = MBImageCompressUITests;
			sourceTree = "<group>";
		};
/* End PBXGroup section */

/* Begin PBXNativeTarget section */
		B3884D3720AEB7FA00F2CA20 /* MBImageCompress */ = {
			isa = PBXNativeTarget;
			buildConfigurationList = B3884D6420AEB7FC00F2CA20 /* Build configuration list for PBXNativeTarget "MBImageCompress" */;
			buildPhases = (
				B3884D3420AEB7FA00F2CA20 /* Sources */,
				B3884D3520AEB7FA00F2CA20 /* Frameworks */,
				B3884D3620AEB7FA00F2CA20 /* Resources */,
			);
			buildRules = (
			);
			dependencies = (
			);
			name = MBImageCompress;
			productName = MBImageCompress;
			productReference = B3884D3820AEB7FA00F2CA20 /* MBImageCompress.app */;
			productType = "com.apple.product-type.application";
		};
		B3884D4F20AEB7FC00F2CA20 /* MBImageCompressTests */ = {
			isa = PBXNativeTarget;
			buildConfigurationList = B3884D6720AEB7FC00F2CA20 /* Build configuration list for PBXNativeTarget "MBImageCompressTests" */;
			buildPhases = (
				B3884D4C20AEB7FC00F2CA20 /* Sources */,
				B3884D4D20AEB7FC00F2CA20 /* Frameworks */,
				B3884D4E20AEB7FC00F2CA20 /* Resources */,
			);
			buildRules = (
			);
			dependencies = (
				B3884D5220AEB7FC00F2CA20 /* PBXTargetDependency */,
			);
			name = MBImageCompressTests;
			productName = MBImageCompressTests;
			productReference = B3884D5020AEB7FC00F2CA20 /* MBImageCompressTests.xctest */;
			productType = "com.apple.product-type.bundle.unit-test";
		};
		B3884D5A20AEB7FC00F2CA20 /* MBImageCompressUITests */ = {
			isa = PBXNativeTarget;
			buildConfigurationList = B3884D6A20AEB7FC00F2CA20 /* Build configuration list for PBXNativeTarget "MBImageCompressUITests" */;
			buildPhases = (
				B3884D5720AEB7FC00F2CA20 /* Sources */,
				B3884D5820AEB7FC00F2CA20 /* Frameworks */,
				B3884D5920AEB7FC00F2CA20 /* Resources */,
			);
			buildRules = (
			);
			dependencies = (
				B3884D5D20AEB7FC00F2CA20 /* PBXTargetDependency */,
			);
			name = MBImageCompressUITests;
			productName = MBImageCompressUITests;
			productReference = B3884D5B20AEB7FC00F2CA20 /* MBImageCompressUITests.xctest */;
			productType = "com.apple.product-type.bundle.ui-testing";
		};
/* End PBXNativeTarget section */

/* Begin PBXProject section */
		B3884D3020AEB7FA00F2CA20 /* Project object */ = {
			isa = PBXProject;
			attributes = {
				LastUpgradeCheck = 0930;
				ORGANIZATIONNAME = xiaofeiZhang;
				TargetAttributes = {
					B3884D3720AEB7FA00F2CA20 = {
						CreatedOnToolsVersion = 9.3;
						LastSwiftMigration = 0930;
					};
					B3884D4F20AEB7FC00F2CA20 = {
						CreatedOnToolsVersion = 9.3;
						TestTargetID = B3884D3720AEB7FA00F2CA20;
					};
					B3884D5A20AEB7FC00F2CA20 = {
						CreatedOnToolsVersion = 9.3;
						TestTargetID = B3884D3720AEB7FA00F2CA20;
					};
				};
			};
			buildConfigurationList = B3884D3320AEB7FA00F2CA20 /* Build configuration list for PBXProject "MBImageCompress" */;
			compatibilityVersion = "Xcode 9.3";
			developmentRegion = en;
			hasScannedForEncodings = 0;
			knownRegions = (
				en,
				Base,
			);
			mainGroup = B3884D2F20AEB7FA00F2CA20;
			productRefGroup = B3884D3920AEB7FA00F2CA20 /* Products */;
			projectDirPath = "";
			projectRoot = "";
			targets = (
				B3884D3720AEB7FA00F2CA20 /* MBImageCompress */,
				B3884D4F20AEB7FC00F2CA20 /* MBImageCompressTests */,
				B3884D5A20AEB7FC00F2CA20 /* MBImageCompressUITests */,
			);
		};
/* End PBXProject section */

/* Begin PBXResourcesBuildPhase section */
		B3884D3620AEB7FA00F2CA20 /* Resources */ = {
			isa = PBXResourcesBuildPhase;
			buildActionMask = 2147483647;
			files = (
				B3884D4820AEB7FC00F2CA20 /* LaunchScreen.storyboard in Resources */,
				B3884D4520AEB7FC00F2CA20 /* Assets.xcassets in Resources */,
				B3884D4320AEB7FA00F2CA20 /* Main.storyboard in Resources */,
			);
			runOnlyForDeploymentPostprocessing = 0;
		};
		B3884D4E20AEB7FC00F2CA20 /* Resources */ = {
			isa = PBXResourcesBuildPhase;
			buildActionMask = 2147483647;
			files = (
			);
			runOnlyForDeploymentPostprocessing = 0;
		};
		B3884D5920AEB7FC00F2CA20 /* Resources */ = {
			isa = PBXResourcesBuildPhase;
			buildActionMask = 2147483647;
			files = (
			);
			runOnlyForDeploymentPostprocessing = 0;
		};
/* End PBXResourcesBuildPhase section */

/* Begin PBXSourcesBuildPhase section */
		B3884D3420AEB7FA00F2CA20 /* Sources */ = {
			isa = PBXSourcesBuildPhase;
			buildActionMask = 2147483647;
			files = (
				B3884D4020AEB7FA00F2CA20 /* ViewController.m in Sources */,
				B3884D7220AEB83E00F2CA20 /* UIImage+MBCompress.m in Sources */,
				B3884D4B20AEB7FC00F2CA20 /* main.m in Sources */,
				B3884D6F20AEB81A00F2CA20 /* MBImageCompress.m in Sources */,
				B3884D7520AEBDDF00F2CA20 /* MBImageCompress.swift in Sources */,
				B3884D3D20AEB7FA00F2CA20 /* AppDelegate.m in Sources */,
			);
			runOnlyForDeploymentPostprocessing = 0;
		};
		B3884D4C20AEB7FC00F2CA20 /* Sources */ = {
			isa = PBXSourcesBuildPhase;
			buildActionMask = 2147483647;
			files = (
				B3884D5520AEB7FC00F2CA20 /* MBImageCompressTests.m in Sources */,
			);
			runOnlyForDeploymentPostprocessing = 0;
		};
		B3884D5720AEB7FC00F2CA20 /* Sources */ = {
			isa = PBXSourcesBuildPhase;
			buildActionMask = 2147483647;
			files = (
				B3884D6020AEB7FC00F2CA20 /* MBImageCompressUITests.m in Sources */,
			);
			runOnlyForDeploymentPostprocessing = 0;
		};
/* End PBXSourcesBuildPhase section */

/* Begin PBXTargetDependency section */
		B3884D5220AEB7FC00F2CA20 /* PBXTargetDependency */ = {
			isa = PBXTargetDependency;
			target = B3884D3720AEB7FA00F2CA20 /* MBImageCompress */;
			targetProxy = B3884D5120AEB7FC00F2CA20 /* PBXContainerItemProxy */;
		};
		B3884D5D20AEB7FC00F2CA20 /* PBXTargetDependency */ = {
			isa = PBXTargetDependency;
			target = B3884D3720AEB7FA00F2CA20 /* MBImageCompress */;
			targetProxy = B3884D5C20AEB7FC00F2CA20 /* PBXContainerItemProxy */;
		};
/* End PBXTargetDependency section */

/* Begin PBXVariantGroup section */
		B3884D4120AEB7FA00F2CA20 /* Main.storyboard */ = {
			isa = PBXVariantGroup;
			children = (
				B3884D4220AEB7FA00F2CA20 /* Base */,
			);
			name = Main.storyboard;
			sourceTree = "<group>";
		};
		B3884D4620AEB7FC00F2CA20 /* LaunchScreen.storyboard */ = {
			isa = PBXVariantGroup;
			children = (
				B3884D4720AEB7FC00F2CA20 /* Base */,
			);
			name = LaunchScreen.storyboard;
			sourceTree = "<group>";
		};
/* End PBXVariantGroup section */

/* Begin XCBuildConfiguration section */
		B3884D6220AEB7FC00F2CA20 /* Debug */ = {
			isa = XCBuildConfiguration;
			buildSettings = {
				ALWAYS_SEARCH_USER_PATHS = NO;
				CLANG_ANALYZER_NONNULL = YES;
				CLANG_ANALYZER_NUMBER_OBJECT_CONVERSION = YES_AGGRESSIVE;
				CLANG_CXX_LANGUAGE_STANDARD = "gnu++14";
				CLANG_CXX_LIBRARY = "libc++";
				CLANG_ENABLE_MODULES = YES;
				CLANG_ENABLE_OBJC_ARC = YES;
				CLANG_ENABLE_OBJC_WEAK = YES;
				CLANG_WARN_BLOCK_CAPTURE_AUTORELEASING = YES;
				CLANG_WARN_BOOL_CONVERSION = YES;
				CLANG_WARN_COMMA = YES;
				CLANG_WARN_CONSTANT_CONVERSION = YES;
				CLANG_WARN_DEPRECATED_OBJC_IMPLEMENTATIONS = YES;
				CLANG_WARN_DIRECT_OBJC_ISA_USAGE = YES_ERROR;
				CLANG_WARN_DOCUMENTATION_COMMENTS = YES;
				CLANG_WARN_EMPTY_BODY = YES;
				CLANG_WARN_ENUM_CONVERSION = YES;
				CLANG_WARN_INFINITE_RECURSION = YES;
				CLANG_WARN_INT_CONVERSION = YES;
				CLANG_WARN_NON_LITERAL_NULL_CONVERSION = YES;
				CLANG_WARN_OBJC_IMPLICIT_RETAIN_SELF = YES;
				CLANG_WARN_OBJC_LITERAL_CONVERSION = YES;
				CLANG_WARN_OBJC_ROOT_CLASS = YES_ERROR;
				CLANG_WARN_RANGE_LOOP_ANALYSIS = YES;
				CLANG_WARN_STRICT_PROTOTYPES = YES;
				CLANG_WARN_SUSPICIOUS_MOVE = YES;
				CLANG_WARN_UNGUARDED_AVAILABILITY = YES_AGGRESSIVE;
				CLANG_WARN_UNREACHABLE_CODE = YES;
				CLANG_WARN__DUPLICATE_METHOD_MATCH = YES;
				CODE_SIGN_IDENTITY = "iPhone Developer";
				COPY_PHASE_STRIP = NO;
				DEBUG_INFORMATION_FORMAT = dwarf;
				ENABLE_STRICT_OBJC_MSGSEND = YES;
				ENABLE_TESTABILITY = YES;
				GCC_C_LANGUAGE_STANDARD = gnu11;
				GCC_DYNAMIC_NO_PIC = NO;
				GCC_NO_COMMON_BLOCKS = YES;
				GCC_OPTIMIZATION_LEVEL = 0;
				GCC_PREPROCESSOR_DEFINITIONS = (
					"DEBUG=1",
					"$(inherited)",
				);
				GCC_WARN_64_TO_32_BIT_CONVERSION = YES;
				GCC_WARN_ABOUT_RETURN_TYPE = YES_ERROR;
				GCC_WARN_UNDECLARED_SELECTOR = YES;
				GCC_WARN_UNINITIALIZED_AUTOS = YES_AGGRESSIVE;
				GCC_WARN_UNUSED_FUNCTION = YES;
				GCC_WARN_UNUSED_VARIABLE = YES;
				IPHONEOS_DEPLOYMENT_TARGET = 11.3;
				MTL_ENABLE_DEBUG_INFO = YES;
				ONLY_ACTIVE_ARCH = YES;
				SDKROOT = iphoneos;
			};
			name = Debug;
		};
		B3884D6320AEB7FC00F2CA20 /* Release */ = {
			isa = XCBuildConfiguration;
			buildSettings = {
				ALWAYS_SEARCH_USER_PATHS = NO;
				CLANG_ANALYZER_NONNULL = YES;
				CLANG_ANALYZER_NUMBER_OBJECT_CONVERSION = YES_AGGRESSIVE;
				CLANG_CXX_LANGUAGE_STANDARD = "gnu++14";
				CLANG_CXX_LIBRARY = "libc++";
				CLANG_ENABLE_MODULES = YES;
				CLANG_ENABLE_OBJC_ARC = YES;
				CLANG_ENABLE_OBJC_WEAK = YES;
				CLANG_WARN_BLOCK_CAPTURE_AUTORELEASING = YES;
				CLANG_WARN_BOOL_CONVERSION = YES;
				CLANG_WARN_COMMA = YES;
				CLANG_WARN_CONSTANT_CONVERSION = YES;
				CLANG_WARN_DEPRECATED_OBJC_IMPLEMENTATIONS = YES;
				CLANG_WARN_DIRECT_OBJC_ISA_USAGE = YES_ERROR;
				CLANG_WARN_DOCUMENTATION_COMMENTS = YES;
				CLANG_WARN_EMPTY_BODY = YES;
				CLANG_WARN_ENUM_CONVERSION = YES;
				CLANG_WARN_INFINITE_RECURSION = YES;
				CLANG_WARN_INT_CONVERSION = YES;
				CLANG_WARN_NON_LITERAL_NULL_CONVERSION = YES;
				CLANG_WARN_OBJC_IMPLICIT_RETAIN_SELF = YES;
				CLANG_WARN_OBJC_LITERAL_CONVERSION = YES;
				CLANG_WARN_OBJC_ROOT_CLASS = YES_ERROR;
				CLANG_WARN_RANGE_LOOP_ANALYSIS = YES;
				CLANG_WARN_STRICT_PROTOTYPES = YES;
				CLANG_WARN_SUSPICIOUS_MOVE = YES;
				CLANG_WARN_UNGUARDED_AVAILABILITY = YES_AGGRESSIVE;
				CLANG_WARN_UNREACHABLE_CODE = YES;
				CLANG_WARN__DUPLICATE_METHOD_MATCH = YES;
				CODE_SIGN_IDENTITY = "iPhone Developer";
				COPY_PHASE_STRIP = NO;
				DEBUG_INFORMATION_FORMAT = "dwarf-with-dsym";
				ENABLE_NS_ASSERTIONS = NO;
				ENABLE_STRICT_OBJC_MSGSEND = YES;
				GCC_C_LANGUAGE_STANDARD = gnu11;
				GCC_NO_COMMON_BLOCKS = YES;
				GCC_WARN_64_TO_32_BIT_CONVERSION = YES;
				GCC_WARN_ABOUT_RETURN_TYPE = YES_ERROR;
				GCC_WARN_UNDECLARED_SELECTOR = YES;
				GCC_WARN_UNINITIALIZED_AUTOS = YES_AGGRESSIVE;
				GCC_WARN_UNUSED_FUNCTION = YES;
				GCC_WARN_UNUSED_VARIABLE = YES;
				IPHONEOS_DEPLOYMENT_TARGET = 11.3;
				MTL_ENABLE_DEBUG_INFO = NO;
				SDKROOT = iphoneos;
				VALIDATE_PRODUCT = YES;
			};
			name = Release;
		};
		B3884D6520AEB7FC00F2CA20 /* Debug */ = {
			isa = XCBuildConfiguration;
			buildSettings = {
				ASSETCATALOG_COMPILER_APPICON_NAME = AppIcon;
				CLANG_ENABLE_MODULES = YES;
				CODE_SIGN_STYLE = Automatic;
				INFOPLIST_FILE = MBImageCompress/Info.plist;
				LD_RUNPATH_SEARCH_PATHS = (
					"$(inherited)",
					"@executable_path/Frameworks",
				);
				PRODUCT_BUNDLE_IDENTIFIER = com.LuckyKing.MBImageCompress;
				PRODUCT_NAME = "$(TARGET_NAME)";
				SWIFT_OBJC_BRIDGING_HEADER = "MBImageCompress/MBImageCompress-Bridging-Header.h";
				SWIFT_OPTIMIZATION_LEVEL = "-Onone";
				SWIFT_VERSION = 3.0;
				TARGETED_DEVICE_FAMILY = "1,2";
			};
			name = Debug;
		};
		B3884D6620AEB7FC00F2CA20 /* Release */ = {
			isa = XCBuildConfiguration;
			buildSettings = {
				ASSETCATALOG_COMPILER_APPICON_NAME = AppIcon;
				CLANG_ENABLE_MODULES = YES;
				CODE_SIGN_STYLE = Automatic;
				INFOPLIST_FILE = MBImageCompress/Info.plist;
				LD_RUNPATH_SEARCH_PATHS = (
					"$(inherited)",
					"@executable_path/Frameworks",
				);
				PRODUCT_BUNDLE_IDENTIFIER = com.LuckyKing.MBImageCompress;
				PRODUCT_NAME = "$(TARGET_NAME)";
				SWIFT_OBJC_BRIDGING_HEADER = "MBImageCompress/MBImageCompress-Bridging-Header.h";
				SWIFT_VERSION = 3.0;
				TARGETED_DEVICE_FAMILY = "1,2";
			};
			name = Release;
		};
		B3884D6820AEB7FC00F2CA20 /* Debug */ = {
			isa = XCBuildConfiguration;
			buildSettings = {
				ALWAYS_EMBED_SWIFT_STANDARD_LIBRARIES = YES;
				BUNDLE_LOADER = "$(TEST_HOST)";
				CODE_SIGN_STYLE = Automatic;
				INFOPLIST_FILE = MBImageCompressTests/Info.plist;
				LD_RUNPATH_SEARCH_PATHS = (
					"$(inherited)",
					"@executable_path/Frameworks",
					"@loader_path/Frameworks",
				);
				PRODUCT_BUNDLE_IDENTIFIER = com.LuckyKing.MBImageCompressTests;
				PRODUCT_NAME = "$(TARGET_NAME)";
				TARGETED_DEVICE_FAMILY = "1,2";
				TEST_HOST = "$(BUILT_PRODUCTS_DIR)/MBImageCompress.app/MBImageCompress";
			};
			name = Debug;
		};
		B3884D6920AEB7FC00F2CA20 /* Release */ = {
			isa = XCBuildConfiguration;
			buildSettings = {
				ALWAYS_EMBED_SWIFT_STANDARD_LIBRARIES = YES;
				BUNDLE_LOADER = "$(TEST_HOST)";
				CODE_SIGN_STYLE = Automatic;
				INFOPLIST_FILE = MBImageCompressTests/Info.plist;
				LD_RUNPATH_SEARCH_PATHS = (
					"$(inherited)",
					"@executable_path/Frameworks",
					"@loader_path/Frameworks",
				);
				PRODUCT_BUNDLE_IDENTIFIER = com.LuckyKing.MBImageCompressTests;
				PRODUCT_NAME = "$(TARGET_NAME)";
				TARGETED_DEVICE_FAMILY = "1,2";
				TEST_HOST = "$(BUILT_PRODUCTS_DIR)/MBImageCompress.app/MBImageCompress";
			};
			name = Release;
		};
		B3884D6B20AEB7FC00F2CA20 /* Debug */ = {
			isa = XCBuildConfiguration;
			buildSettings = {
				ALWAYS_EMBED_SWIFT_STANDARD_LIBRARIES = YES;
				CODE_SIGN_STYLE = Automatic;
				INFOPLIST_FILE = MBImageCompressUITests/Info.plist;
				LD_RUNPATH_SEARCH_PATHS = (
					"$(inherited)",
					"@executable_path/Frameworks",
					"@loader_path/Frameworks",
				);
				PRODUCT_BUNDLE_IDENTIFIER = com.LuckyKing.MBImageCompressUITests;
				PRODUCT_NAME = "$(TARGET_NAME)";
				TARGETED_DEVICE_FAMILY = "1,2";
				TEST_TARGET_NAME = MBImageCompress;
			};
			name = Debug;
		};
		B3884D6C20AEB7FC00F2CA20 /* Release */ = {
			isa = XCBuildConfiguration;
			buildSettings = {
				ALWAYS_EMBED_SWIFT_STANDARD_LIBRARIES = YES;
				CODE_SIGN_STYLE = Automatic;
				INFOPLIST_FILE = MBImageCompressUITests/Info.plist;
				LD_RUNPATH_SEARCH_PATHS = (
					"$(inherited)",
					"@executable_path/Frameworks",
					"@loader_path/Frameworks",
				);
				PRODUCT_BUNDLE_IDENTIFIER = com.LuckyKing.MBImageCompressUITests;
				PRODUCT_NAME = "$(TARGET_NAME)";
				TARGETED_DEVICE_FAMILY = "1,2";
				TEST_TARGET_NAME = MBImageCompress;
			};
			name = Release;
		};
/* End XCBuildConfiguration section */

/* Begin XCConfigurationList section */
		B3884D3320AEB7FA00F2CA20 /* Build configuration list for PBXProject "MBImageCompress" */ = {
			isa = XCConfigurationList;
			buildConfigurations = (
				B3884D6220AEB7FC00F2CA20 /* Debug */,
				B3884D6320AEB7FC00F2CA20 /* Release */,
			);
			defaultConfigurationIsVisible = 0;
			defaultConfigurationName = Release;
		};
		B3884D6420AEB7FC00F2CA20 /* Build configuration list for PBXNativeTarget "MBImageCompress" */ = {
			isa = XCConfigurationList;
			buildConfigurations = (
				B3884D6520AEB7FC00F2CA20 /* Debug */,
				B3884D6620AEB7FC00F2CA20 /* Release */,
			);
			defaultConfigurationIsVisible = 0;
			defaultConfigurationName = Release;
		};
		B3884D6720AEB7FC00F2CA20 /* Build configuration list for PBXNativeTarget "MBImageCompressTests" */ = {
			isa = XCConfigurationList;
			buildConfigurations = (
				B3884D6820AEB7FC00F2CA20 /* Debug */,
				B3884D6920AEB7FC00F2CA20 /* Release */,
			);
			defaultConfigurationIsVisible = 0;
			defaultConfigurationName = Release;
		};
		B3884D6A20AEB7FC00F2CA20 /* Build configuration list for PBXNativeTarget "MBImageCompressUITests" */ = {
			isa = XCConfigurationList;
			buildConfigurations = (
				B3884D6B20AEB7FC00F2CA20 /* Debug */,
				B3884D6C20AEB7FC00F2CA20 /* Release */,
			);
			defaultConfigurationIsVisible = 0;
			defaultConfigurationName = Release;
		};
/* End XCConfigurationList section */
	};
	rootObject = B3884D3020AEB7FA00F2CA20 /* Project object */;
}
